
Microsoft Visual Studio Solution File, Format Version 12.00
# Visual Studio Version 17
VisualStudioVersion = 17.5.002.0
MinimumVisualStudioVersion = 10.0.40219.1
Project("{9A19103F-16F7-4668-BE54-9A1E7A4F7556}") = "HIT.Vault", "HIT.Vault\HIT.Vault.csproj", "{34003ED6-13D7-4766-B716-48F06D4D2279}"
EndProject
Project("{9A19103F-16F7-4668-BE54-9A1E7A4F7556}") = "HIT.Vault.Tests", "HIT.Vault.Tests\HIT.Vault.Tests.csproj", "{1EF30789-CEB1-450F-A7A2-DD132AB76B01}"
EndProject
Global
	GlobalSection(SolutionConfigurationPlatforms) = preSolution
		Debug|Any CPU = Debug|Any CPU
		Release|Any CPU = Release|Any CPU
	EndGlobalSection
	GlobalSection(ProjectConfigurationPlatforms) = postSolution
		{34003ED6-13D7-4766-B716-48F06D4D2279}.Debug|Any CPU.ActiveCfg = Debug|Any CPU
		{34003ED6-13D7-4766-B716-48F06D4D2279}.Debug|Any CPU.Build.0 = Debug|Any CPU
		{34003ED6-13D7-4766-B716-48F06D4D2279}.Release|Any CPU.ActiveCfg = Release|Any CPU
		{34003ED6-13D7-4766-B716-48F06D4D2279}.Release|Any CPU.Build.0 = Release|Any CPU
		{1EF30789-CEB1-450F-A7A2-DD132AB76B01}.Debug|Any CPU.ActiveCfg = Debug|Any CPU
		{1EF30789-CEB1-450F-A7A2-DD132AB76B01}.Debug|Any CPU.Build.0 = Debug|Any CPU
		{1EF30789-CEB1-450F-A7A2-DD132AB76B01}.Release|Any CPU.ActiveCfg = Release|Any CPU
		{1EF30789-CEB1-450F-A7A2-DD132AB76B01}.Release|Any CPU.Build.0 = Release|Any CPU
	EndGlobalSection
	GlobalSection(SolutionProperties) = preSolution
		HideSolutionNode = FALSE
	EndGlobalSection
	GlobalSection(ExtensibilityGlobals) = postSolution
		SolutionGuid = {630296F5-01CF-4FDF-B2E0-7CD42ED2C1AA}
	EndGlobalSection
EndGlobal
